
Microsoft Visual Studio Solution File, Format Version 12.00
# Visual Studio Version 17
VisualStudioVersion = 17.11.35208.52
MinimumVisualStudioVersion = 10.0.40219.1
Project("{FAE04EC0-301F-11D3-BF4B-00C04F79EFBC}") = "ForecastFastLineChart", "ForecastFastLineChart\ForecastFastLineChart.csproj", "{11D9782B-EEDE-4B63-B284-7CD60D8CEB5B}"
EndProject
Global
	GlobalSection(SolutionConfigurationPlatforms) = preSolution
		Debug|Any CPU = Debug|Any CPU
		Release|Any CPU = Release|Any CPU
	EndGlobalSection
	GlobalSection(ProjectConfigurationPlatforms) = postSolution
		{11D9782B-EEDE-4B63-B284-7CD60D8CEB5B}.Debug|Any CPU.ActiveCfg = Debug|Any CPU
		{11D9782B-EEDE-4B63-B284-7CD60D8CEB5B}.Debug|Any CPU.Build.0 = Debug|Any CPU
		{11D9782B-EEDE-4B63-B284-7CD60D8CEB5B}.Release|Any CPU.ActiveCfg = Release|Any CPU
		{11D9782B-EEDE-4B63-B284-7CD60D8CEB5B}.Release|Any CPU.Build.0 = Release|Any CPU
	EndGlobalSection
	GlobalSection(SolutionProperties) = preSolution
		HideSolutionNode = FALSE
	EndGlobalSection
	GlobalSection(ExtensibilityGlobals) = postSolution
		SolutionGuid = {22EA7BAE-8676-4A56-86D5-0E40ACC6A80F}
	EndGlobalSection
EndGlobal
